{
  "name": "@fluent/sequence",
  "version": "0.6.0",
  "lockfileVersion": 2,
  "requires": true,
  "packages": {
    "": {
      "name": "@fluent/sequence",
      "version": "0.6.0",
      "license": "Apache-2.0",
      "devDependencies": {
        "@fluent/bundle": ">= 0.15.0",
        "cached-iterable": "^0.3.0"
      },
      "engines": {
        "node": ">=10.0.0"
      },
      "peerDependencies": {
        "@fluent/bundle": ">= 0.13.0"
      }
    },
    "node_modules/@fluent/bundle": {
      "version": "0.16.1",
      "resolved": "https://registry.npmjs.org/@fluent/bundle/-/bundle-0.16.1.tgz",
      "integrity": "sha512-l/y8uvAC1vAIEGXfbt97g36s9gJ6wdEFRWCJo4vtoxD1e210MxBAXfLhU+wfzaatlxwh+HjJ15G41ee6V8Y4ww==",
      "dev": true,
      "engines": {
        "node": ">=10.0.0"
      }
    },
    "node_modules/cached-iterable": {
      "version": "0.3.0",
      "resolved": "https://registry.npmjs.org/cached-iterable/-/cached-iterable-0.3.0.tgz",
      "integrity": "sha512-MDqM6TpBVebZD4UDtmlFp8EjVtRcsB6xt9aRdWymjk0fWVUUGgmt/V7o0H0gkI2Tkvv8B0ucjidZm4mLosdlWw==",
      "dev": true,
      "engines": {
        "node": ">=8.9.0"
      }
    }
  },
  "dependencies": {
    "@fluent/bundle": {
      "version": "0.16.1",
      "resolved": "https://registry.npmjs.org/@fluent/bundle/-/bundle-0.16.1.tgz",
      "integrity": "sha512-l/y8uvAC1vAIEGXfbt97g36s9gJ6wdEFRWCJo4vtoxD1e210MxBAXfLhU+wfzaatlxwh+HjJ15G41ee6V8Y4ww==",
      "dev": true
    },
    "cached-iterable": {
      "version": "0.3.0",
      "resolved": "https://registry.npmjs.org/cached-iterable/-/cached-iterable-0.3.0.tgz",
      "integrity": "sha512-MDqM6TpBVebZD4UDtmlFp8EjVtRcsB6xt9aRdWymjk0fWVUUGgmt/V7o0H0gkI2Tkvv8B0ucjidZm4mLosdlWw==",
      "dev": true
    }
  }
}
