{
  "name": "@fluent/sequence",
  "version": "0.5.0",
  "lockfileVersion": 1,
  "requires": true,
  "dependencies": {
    "@fluent/bundle": {
      "version": "0.15.0",
      "resolved": "https://registry.npmjs.org/@fluent/bundle/-/bundle-0.15.0.tgz",
      "integrity": "sha512-pYz+TuFPwCj5yx51mFG1flPxwTaXWkpi6yt6r+rdm22Y9bkWMHWdwbUnjWLJ+9yJKQMhe2uhvMJ7YfhkF87oNg==",
      "dev": true
    },
    "cached-iterable": {
      "version": "0.2.1",
      "resolved": "https://registry.npmjs.org/cached-iterable/-/cached-iterable-0.2.1.tgz",
      "integrity": "sha512-8zAVjMjdn/S/QXJaOnqsko0+ZJzXT2Dum2u9TMGg5YR9fxONPrUjuO9VYqnb1AoldXeYVAcNJLgT5Q8WaIJSgA==",
      "dev": true
    }
  }
}
