{
  "name": "@fluent/gecko",
  "version": "0.0.1",
  "lockfileVersion": 1,
  "requires": true,
  "dependencies": {
    "@types/node": {
      "version": "13.13.1",
      "resolved": "https://registry.npmjs.org/@types/node/-/node-13.13.1.tgz",
      "integrity": "sha512-uysqysLJ+As9jqI5yqjwP3QJrhOcUwBjHUlUxPxjbplwKoILvXVsmYWEhfmAQlrPfbRZmhJB007o4L9sKqtHqQ==",
      "dev": true
    },
    "@types/resolve": {
      "version": "0.0.8",
      "resolved": "https://registry.npmjs.org/@types/resolve/-/resolve-0.0.8.tgz",
      "integrity": "sha512-auApPaJf3NPfe18hSoJkp8EbZzer2ISk7o8mCC3M9he/a04+gbMF97NkpD2S8riMGvm4BMRI59/SZQSaLTKpsQ==",
      "dev": true,
      "requires": {
        "@types/node": "*"
      }
    },
    "builtin-modules": {
      "version": "3.1.0",
      "resolved": "https://registry.npmjs.org/builtin-modules/-/builtin-modules-3.1.0.tgz",
      "integrity": "sha512-k0KL0aWZuBt2lrxrcASWDfwOLMnodeQjodT/1SxEQAXsHANgo6ZC/VEaSEHCXt7aSTZ4/4H5LKa+tBXmW7Vtvw==",
      "dev": true
    },
    "is-module": {
      "version": "1.0.0",
      "resolved": "https://registry.npmjs.org/is-module/-/is-module-1.0.0.tgz",
      "integrity": "sha1-Mlj7afeMFNW4FdZkM2tM/7ZEFZE=",
      "dev": true
    },
    "path-parse": {
      "version": "1.0.6",
      "resolved": "https://registry.npmjs.org/path-parse/-/path-parse-1.0.6.tgz",
      "integrity": "sha512-GSmOT2EbHrINBf9SR7CDELwlJ8AENk3Qn7OikK4nFYAu3Ote2+JYNVvkpAEQm3/TLNEJFD/xZJjzyxg3KBWOzw==",
      "dev": true
    },
    "resolve": {
      "version": "1.16.1",
      "resolved": "https://registry.npmjs.org/resolve/-/resolve-1.16.1.tgz",
      "integrity": "sha512-rmAglCSqWWMrrBv/XM6sW0NuRFiKViw/W4d9EbC4pt+49H8JwHy+mcGmALTEg504AUDcLTvb1T2q3E9AnmY+ig==",
      "dev": true,
      "requires": {
        "path-parse": "^1.0.6"
      }
    },
    "rollup-plugin-node-resolve": {
      "version": "4.2.4",
      "resolved": "https://registry.npmjs.org/rollup-plugin-node-resolve/-/rollup-plugin-node-resolve-4.2.4.tgz",
      "integrity": "sha512-t/64I6l7fZ9BxqD3XlX4ZeO6+5RLKyfpwE2CiPNUKa+GocPlQhf/C208ou8y3AwtNsc6bjSk/8/6y/YAyxCIvw==",
      "dev": true,
      "requires": {
        "@types/resolve": "0.0.8",
        "builtin-modules": "^3.1.0",
        "is-module": "^1.0.0",
        "resolve": "^1.10.0"
      }
    }
  }
}
