{
  "name": "@fluent/syntax",
  "version": "0.16.1",
  "lockfileVersion": 1,
  "requires": true,
  "dependencies": {
    "@fluent/dedent": {
      "version": "0.1.0",
      "resolved": "https://registry.npmjs.org/@fluent/dedent/-/dedent-0.1.0.tgz",
      "integrity": "sha512-n2AwAoXdU0WJ5LJgj1TFg+g9/LNtRXdYiv+xGbtDaQQsD5DWkb1KtG0SBQpQoq65yYbBYnPQG6ChezwS4UQYyw==",
      "dev": true
    }
  }
}
